{
  "name": "@jahed/terraform",
  "version": "1.13.3",
  "lockfileVersion": 3,
  "requires": true,
  "packages": {
    "": {
      "name": "@jahed/terraform",
      "version": "1.13.3",
      "license": "MIT",
      "dependencies": {
        "fflate": "^0.8.2",
        "find-cache-directory": "^6.0.0",
        "openpgp": "^6.0.0"
      },
      "bin": {
        "terraform": "bin/terraform.js"
      },
      "devDependencies": {
        "@tsconfig/node20": "^20.1.6",
        "@types/node": "^20.19.17",
        "prettier": "^3.6.2",
        "typescript": "5.9.x"
      },
      "funding": {
        "url": "https://jahed.dev/donate"
      }
    },
    "node_modules/@tsconfig/node20": {
      "version": "20.1.6",
      "resolved": "https://registry.npmjs.org/@tsconfig/node20/-/node20-20.1.6.tgz",
      "integrity": "sha512-sz+Hqx9zwZDpZIV871WSbUzSqNIsXzghZydypnfgzPKLltVJfkINfUeTct31n/tTSa9ZE1ZOfKdRre1uHHquYQ==",
      "dev": true,
      "license": "MIT"
    },
    "node_modules/@types/node": {
      "version": "20.19.17",
      "resolved": "https://registry.npmjs.org/@types/node/-/node-20.19.17.tgz",
      "integrity": "sha512-gfehUI8N1z92kygssiuWvLiwcbOB3IRktR6hTDgJlXMYh5OvkPSRmgfoBUmfZt+vhwJtX7v1Yw4KvvAf7c5QKQ==",
      "dev": true,
      "license": "MIT",
      "dependencies": {
        "undici-types": "~6.21.0"
      }
    },
    "node_modules/common-path-prefix": {
      "version": "3.0.0",
      "resolved": "https://registry.npmjs.org/common-path-prefix/-/common-path-prefix-3.0.0.tgz",
      "integrity": "sha512-QE33hToZseCH3jS0qN96O/bSh3kaw/h+Tq7ngyY9eWDUnTlTNUyqfqvCXioLe5Na5jFsL78ra/wuBU4iuEgd4w==",
      "license": "ISC"
    },
    "node_modules/fflate": {
      "version": "0.8.2",
      "resolved": "https://registry.npmjs.org/fflate/-/fflate-0.8.2.tgz",
      "integrity": "sha512-cPJU47OaAoCbg0pBvzsgpTPhmhqI5eJjh/JIu8tPj5q+T7iLvW/JAYUqmE7KOB4R1ZyEhzBaIQpQpardBF5z8A==",
      "license": "MIT"
    },
    "node_modules/find-cache-directory": {
      "version": "6.0.0",
      "resolved": "https://registry.npmjs.org/find-cache-directory/-/find-cache-directory-6.0.0.tgz",
      "integrity": "sha512-CvFd5ivA6HcSHbD+59P7CyzINHXzwhuQK8RY7CxJZtgDSAtRlHiCaQpZQ2lMR/WRyUIEmzUvL6G2AGurMfegZA==",
      "license": "MIT",
      "dependencies": {
        "common-path-prefix": "^3.0.0",
        "pkg-dir": "^8.0.0"
      },
      "engines": {
        "node": ">=20"
      },
      "funding": {
        "url": "https://github.com/sponsors/sindresorhus"
      }
    },
    "node_modules/find-up-simple": {
      "version": "1.0.1",
      "resolved": "https://registry.npmjs.org/find-up-simple/-/find-up-simple-1.0.1.tgz",
      "integrity": "sha512-afd4O7zpqHeRyg4PfDQsXmlDe2PfdHtJt6Akt8jOWaApLOZk5JXs6VMR29lz03pRe9mpykrRCYIYxaJYcfpncQ==",
      "license": "MIT",
      "engines": {
        "node": ">=18"
      },
      "funding": {
        "url": "https://github.com/sponsors/sindresorhus"
      }
    },
    "node_modules/openpgp": {
      "version": "6.2.2",
      "resolved": "https://registry.npmjs.org/openpgp/-/openpgp-6.2.2.tgz",
      "integrity": "sha512-P/dyEqQ3gfwOCo+xsqffzXjmUhGn4AZTOJ1LCcN21S23vAk+EAvMJOQTsb/C8krL6GjOSBxqGYckhik7+hneNw==",
      "license": "LGPL-3.0+",
      "engines": {
        "node": ">= 18.0.0"
      }
    },
    "node_modules/pkg-dir": {
      "version": "8.0.0",
      "resolved": "https://registry.npmjs.org/pkg-dir/-/pkg-dir-8.0.0.tgz",
      "integrity": "sha512-4peoBq4Wks0riS0z8741NVv+/8IiTvqnZAr8QGgtdifrtpdXbNw/FxRS1l6NFqm4EMzuS0EDqNNx4XGaz8cuyQ==",
      "license": "MIT",
      "dependencies": {
        "find-up-simple": "^1.0.0"
      },
      "engines": {
        "node": ">=18"
      },
      "funding": {
        "url": "https://github.com/sponsors/sindresorhus"
      }
    },
    "node_modules/prettier": {
      "version": "3.6.2",
      "resolved": "https://registry.npmjs.org/prettier/-/prettier-3.6.2.tgz",
      "integrity": "sha512-I7AIg5boAr5R0FFtJ6rCfD+LFsWHp81dolrFD8S79U9tb8Az2nGrJncnMSnys+bpQJfRUzqs9hnA81OAA3hCuQ==",
      "dev": true,
      "license": "MIT",
      "bin": {
        "prettier": "bin/prettier.cjs"
      },
      "engines": {
        "node": ">=14"
      },
      "funding": {
        "url": "https://github.com/prettier/prettier?sponsor=1"
      }
    },
    "node_modules/typescript": {
      "version": "5.9.2",
      "resolved": "https://registry.npmjs.org/typescript/-/typescript-5.9.2.tgz",
      "integrity": "sha512-CWBzXQrc/qOkhidw1OzBTQuYRbfyxDXJMVJ1XNwUHGROVmuaeiEm3OslpZ1RV96d7SKKjZKrSJu3+t/xlw3R9A==",
      "dev": true,
      "license": "Apache-2.0",
      "bin": {
        "tsc": "bin/tsc",
        "tsserver": "bin/tsserver"
      },
      "engines": {
        "node": ">=14.17"
      }
    },
    "node_modules/undici-types": {
      "version": "6.21.0",
      "resolved": "https://registry.npmjs.org/undici-types/-/undici-types-6.21.0.tgz",
      "integrity": "sha512-iwDZqg0QAGrg9Rav5H4n0M64c3mkR59cJ6wQp+7C4nI0gsmExaedaYLNO44eT4AtBBwjbTiGPMlt2Md0T9H9JQ==",
      "dev": true,
      "license": "MIT"
    }
  }
}
